
Microsoft Visual Studio Solution File, Format Version 12.00
# Visual Studio Version 17
VisualStudioVersion = 17.5.002.0
MinimumVisualStudioVersion = 10.0.40219.1
Project("{9A19103F-16F7-4668-BE54-9A1E7A4F7556}") = "XXL-Market", "XXL-Market.csproj", "{57A0FF31-0D75-48FF-B953-DF565B4B93C5}"
EndProject
Global
	GlobalSection(SolutionConfigurationPlatforms) = preSolution
		Debug|Any CPU = Debug|Any CPU
		Release|Any CPU = Release|Any CPU
	EndGlobalSection
	GlobalSection(ProjectConfigurationPlatforms) = postSolution
		{57A0FF31-0D75-48FF-B953-DF565B4B93C5}.Debug|Any CPU.ActiveCfg = Debug|Any CPU
		{57A0FF31-0D75-48FF-B953-DF565B4B93C5}.Debug|Any CPU.Build.0 = Debug|Any CPU
		{57A0FF31-0D75-48FF-B953-DF565B4B93C5}.Release|Any CPU.ActiveCfg = Release|Any CPU
		{57A0FF31-0D75-48FF-B953-DF565B4B93C5}.Release|Any CPU.Build.0 = Release|Any CPU
	EndGlobalSection
	GlobalSection(SolutionProperties) = preSolution
		HideSolutionNode = FALSE
	EndGlobalSection
	GlobalSection(ExtensibilityGlobals) = postSolution
		SolutionGuid = {69E48F5F-2551-4951-901C-481F40E9E346}
	EndGlobalSection
EndGlobal
